
Microsoft Visual Studio Solution File, Format Version 12.00
# Visual Studio Version 17
VisualStudioVersion = 17.5.33627.172
MinimumVisualStudioVersion = 10.0.40219.1
Project("{FAE04EC0-301F-11D3-BF4B-00C04F79EFBC}") = "CT.Examples.B2cClientCredentials", "CT.Examples.B2cClientCredentials\CT.Examples.B2cClientCredentials.csproj", "{0C363A21-66AA-45F4-84AE-4DC1CD52E8CF}"
EndProject
Global
	GlobalSection(SolutionConfigurationPlatforms) = preSolution
		Debug|Any CPU = Debug|Any CPU
		Release|Any CPU = Release|Any CPU
	EndGlobalSection
	GlobalSection(ProjectConfigurationPlatforms) = postSolution
		{0C363A21-66AA-45F4-84AE-4DC1CD52E8CF}.Debug|Any CPU.ActiveCfg = Debug|Any CPU
		{0C363A21-66AA-45F4-84AE-4DC1CD52E8CF}.Debug|Any CPU.Build.0 = Debug|Any CPU
		{0C363A21-66AA-45F4-84AE-4DC1CD52E8CF}.Release|Any CPU.ActiveCfg = Release|Any CPU
		{0C363A21-66AA-45F4-84AE-4DC1CD52E8CF}.Release|Any CPU.Build.0 = Release|Any CPU
	EndGlobalSection
	GlobalSection(SolutionProperties) = preSolution
		HideSolutionNode = FALSE
	EndGlobalSection
	GlobalSection(ExtensibilityGlobals) = postSolution
		SolutionGuid = {BF3BD12A-B5E0-488A-A26F-5460E1C0447B}
	EndGlobalSection
EndGlobal
