
Microsoft Visual Studio Solution File, Format Version 12.00
# Visual Studio Version 17
VisualStudioVersion = 17.0.31903.59
MinimumVisualStudioVersion = 10.0.40219.1
Project("{FAE04EC0-301F-11D3-BF4B-00C04F79EFBC}") = "CT.Examples.SonarqubeDocker.Api", "CT.Examples.SonarqubeDocker.Api\CT.Examples.SonarqubeDocker.Api.csproj", "{86C78EAF-2CA7-439E-B9D4-8308681E3771}"
EndProject
Project("{FAE04EC0-301F-11D3-BF4B-00C04F79EFBC}") = "CT.Examples.SonarqubeDocker.Tests", "CT.Examples.SonarqubeDocker.Tests\CT.Examples.SonarqubeDocker.Tests.csproj", "{7775DC93-9DC7-49E6-94FF-4E2A0B62C63E}"
EndProject
Global
	GlobalSection(SolutionConfigurationPlatforms) = preSolution
		Debug|Any CPU = Debug|Any CPU
		Release|Any CPU = Release|Any CPU
	EndGlobalSection
	GlobalSection(SolutionProperties) = preSolution
		HideSolutionNode = FALSE
	EndGlobalSection
	GlobalSection(ProjectConfigurationPlatforms) = postSolution
		{86C78EAF-2CA7-439E-B9D4-8308681E3771}.Debug|Any CPU.ActiveCfg = Debug|Any CPU
		{86C78EAF-2CA7-439E-B9D4-8308681E3771}.Debug|Any CPU.Build.0 = Debug|Any CPU
		{86C78EAF-2CA7-439E-B9D4-8308681E3771}.Release|Any CPU.ActiveCfg = Release|Any CPU
		{86C78EAF-2CA7-439E-B9D4-8308681E3771}.Release|Any CPU.Build.0 = Release|Any CPU
		{7775DC93-9DC7-49E6-94FF-4E2A0B62C63E}.Debug|Any CPU.ActiveCfg = Debug|Any CPU
		{7775DC93-9DC7-49E6-94FF-4E2A0B62C63E}.Debug|Any CPU.Build.0 = Debug|Any CPU
		{7775DC93-9DC7-49E6-94FF-4E2A0B62C63E}.Release|Any CPU.ActiveCfg = Release|Any CPU
		{7775DC93-9DC7-49E6-94FF-4E2A0B62C63E}.Release|Any CPU.Build.0 = Release|Any CPU
	EndGlobalSection
EndGlobal
